
Microsoft Visual Studio Solution File, Format Version 12.00
# Visual Studio Version 16
VisualStudioVersion = 16.0.810.18
MinimumVisualStudioVersion = 10.0.40219.1
Project("{FAE04EC0-301F-11D3-BF4B-00C04F79EFBC}") = "Domain.Test", "Domain.Test\Domain.Test.csproj", "{F395C030-30E8-4547-8BB5-36F116C14F04}"
EndProject
Project("{FAE04EC0-301F-11D3-BF4B-00C04F79EFBC}") = "Domain", "Domain\Domain.csproj", "{76C23A53-09C4-432C-80C9-DB81BF56B168}"
EndProject
Global
	GlobalSection(SharedMSBuildProjectFiles) = preSolution
		Domain\Domain.projitems*{89b9e73f-6fa3-4d67-a87d-d6c56e1b1e78}*SharedItemsImports = 13
		Domain\Domain.projitems*{f395c030-30e8-4547-8bb5-36f116c14f04}*SharedItemsImports = 5
	EndGlobalSection
	GlobalSection(SolutionConfigurationPlatforms) = preSolution
		Debug|Any CPU = Debug|Any CPU
		Release|Any CPU = Release|Any CPU
	EndGlobalSection
	GlobalSection(ProjectConfigurationPlatforms) = postSolution
		{F395C030-30E8-4547-8BB5-36F116C14F04}.Debug|Any CPU.ActiveCfg = Debug|Any CPU
		{F395C030-30E8-4547-8BB5-36F116C14F04}.Debug|Any CPU.Build.0 = Debug|Any CPU
		{F395C030-30E8-4547-8BB5-36F116C14F04}.Release|Any CPU.ActiveCfg = Release|Any CPU
		{F395C030-30E8-4547-8BB5-36F116C14F04}.Release|Any CPU.Build.0 = Release|Any CPU
		{76C23A53-09C4-432C-80C9-DB81BF56B168}.Debug|Any CPU.ActiveCfg = Debug|Any CPU
		{76C23A53-09C4-432C-80C9-DB81BF56B168}.Debug|Any CPU.Build.0 = Debug|Any CPU
		{76C23A53-09C4-432C-80C9-DB81BF56B168}.Release|Any CPU.ActiveCfg = Release|Any CPU
		{76C23A53-09C4-432C-80C9-DB81BF56B168}.Release|Any CPU.Build.0 = Release|Any CPU
	EndGlobalSection
	GlobalSection(SolutionProperties) = preSolution
		HideSolutionNode = FALSE
	EndGlobalSection
	GlobalSection(ExtensibilityGlobals) = postSolution
		SolutionGuid = {AE9FE22E-82DA-48F3-8BA3-6C66F3375D9C}
	EndGlobalSection
EndGlobal
