
Microsoft Visual Studio Solution File, Format Version 12.00
# Visual Studio Version 16
VisualStudioVersion = 16.0.810.18
MinimumVisualStudioVersion = 10.0.40219.1
Project("{FAE04EC0-301F-11D3-BF4B-00C04F79EFBC}") = "Domain.Test", "Domain.Test\Domain.Test.csproj", "{F395C030-30E8-4547-8BB5-36F116C14F04}"
EndProject
Project("{D954291E-2A0B-460D-934E-DC6B0785DB48}") = "Domain", "Domain\Domain.shproj", "{89B9E73F-6FA3-4D67-A87D-D6C56E1B1E78}"
EndProject
Global
	GlobalSection(SolutionConfigurationPlatforms) = preSolution
		Debug|Any CPU = Debug|Any CPU
		Release|Any CPU = Release|Any CPU
	EndGlobalSection
	GlobalSection(ProjectConfigurationPlatforms) = postSolution
		{F395C030-30E8-4547-8BB5-36F116C14F04}.Debug|Any CPU.ActiveCfg = Debug|Any CPU
		{F395C030-30E8-4547-8BB5-36F116C14F04}.Debug|Any CPU.Build.0 = Debug|Any CPU
		{F395C030-30E8-4547-8BB5-36F116C14F04}.Release|Any CPU.ActiveCfg = Release|Any CPU
		{F395C030-30E8-4547-8BB5-36F116C14F04}.Release|Any CPU.Build.0 = Release|Any CPU
	EndGlobalSection
	GlobalSection(SolutionProperties) = preSolution
		HideSolutionNode = FALSE
	EndGlobalSection
	GlobalSection(ExtensibilityGlobals) = postSolution
		SolutionGuid = {AE9FE22E-82DA-48F3-8BA3-6C66F3375D9C}
	EndGlobalSection
EndGlobal
