
Microsoft Visual Studio Solution File, Format Version 12.00
# Visual Studio Version 16
VisualStudioVersion = 16.0.810.18
MinimumVisualStudioVersion = 10.0.40219.1
Project("{FAE04EC0-301F-11D3-BF4B-00C04F79EFBC}") = "Domain", "Domain\Domain.csproj", "{76C23A53-09C4-432C-80C9-DB81BF56B168}"
EndProject
Project("{FAE04EC0-301F-11D3-BF4B-00C04F79EFBC}") = "DomainTest", "DomainTest\DomainTest.csproj", "{C632B323-EE05-46B5-89F5-0B646A946F68}"
EndProject
Project("{FAE04EC0-301F-11D3-BF4B-00C04F79EFBC}") = "Adapter", "Adapter\Adapter.csproj", "{75429885-8CBE-4DDC-9509-C725C75A44BC}"
EndProject
Project("{FAE04EC0-301F-11D3-BF4B-00C04F79EFBC}") = "AdapterTest", "AdapterTest\AdapterTest.csproj", "{C606C27F-8A24-4AE6-B11C-24BE37E13975}"
EndProject
Global
	GlobalSection(SharedMSBuildProjectFiles) = preSolution
		Domain\Domain.projitems*{89b9e73f-6fa3-4d67-a87d-d6c56e1b1e78}*SharedItemsImports = 13
		Domain\Domain.projitems*{f395c030-30e8-4547-8bb5-36f116c14f04}*SharedItemsImports = 5
	EndGlobalSection
	GlobalSection(SolutionConfigurationPlatforms) = preSolution
		Debug|Any CPU = Debug|Any CPU
		Release|Any CPU = Release|Any CPU
	EndGlobalSection
	GlobalSection(ProjectConfigurationPlatforms) = postSolution
		{76C23A53-09C4-432C-80C9-DB81BF56B168}.Debug|Any CPU.ActiveCfg = Debug|Any CPU
		{76C23A53-09C4-432C-80C9-DB81BF56B168}.Debug|Any CPU.Build.0 = Debug|Any CPU
		{76C23A53-09C4-432C-80C9-DB81BF56B168}.Release|Any CPU.ActiveCfg = Release|Any CPU
		{76C23A53-09C4-432C-80C9-DB81BF56B168}.Release|Any CPU.Build.0 = Release|Any CPU
		{C632B323-EE05-46B5-89F5-0B646A946F68}.Debug|Any CPU.ActiveCfg = Debug|Any CPU
		{C632B323-EE05-46B5-89F5-0B646A946F68}.Debug|Any CPU.Build.0 = Debug|Any CPU
		{C632B323-EE05-46B5-89F5-0B646A946F68}.Release|Any CPU.ActiveCfg = Release|Any CPU
		{C632B323-EE05-46B5-89F5-0B646A946F68}.Release|Any CPU.Build.0 = Release|Any CPU
		{75429885-8CBE-4DDC-9509-C725C75A44BC}.Debug|Any CPU.ActiveCfg = Debug|Any CPU
		{75429885-8CBE-4DDC-9509-C725C75A44BC}.Debug|Any CPU.Build.0 = Debug|Any CPU
		{75429885-8CBE-4DDC-9509-C725C75A44BC}.Release|Any CPU.ActiveCfg = Release|Any CPU
		{75429885-8CBE-4DDC-9509-C725C75A44BC}.Release|Any CPU.Build.0 = Release|Any CPU
		{C606C27F-8A24-4AE6-B11C-24BE37E13975}.Debug|Any CPU.ActiveCfg = Debug|Any CPU
		{C606C27F-8A24-4AE6-B11C-24BE37E13975}.Debug|Any CPU.Build.0 = Debug|Any CPU
		{C606C27F-8A24-4AE6-B11C-24BE37E13975}.Release|Any CPU.ActiveCfg = Release|Any CPU
		{C606C27F-8A24-4AE6-B11C-24BE37E13975}.Release|Any CPU.Build.0 = Release|Any CPU
	EndGlobalSection
	GlobalSection(SolutionProperties) = preSolution
		HideSolutionNode = FALSE
	EndGlobalSection
	GlobalSection(ExtensibilityGlobals) = postSolution
		SolutionGuid = {AE9FE22E-82DA-48F3-8BA3-6C66F3375D9C}
	EndGlobalSection
	GlobalSection(MonoDevelopProperties) = preSolution
		Policies = $0
		$0.DotNetNamingPolicy = $1
		$1.DirectoryNamespaceAssociation = PrefixedHierarchical
		$0.TextStylePolicy = $2
		$2.inheritsSet = null
		$2.scope = text/x-csharp
		$0.CSharpFormattingPolicy = $3
		$3.scope = text/x-csharp
		$0.StandardHeader = $4
	EndGlobalSection
EndGlobal
